Microsoft Visual Studio Solution File, Format Version 11.00
# Visual Studio 2008

Project("{A8155B0E-A02B-AE01-CD41-369018837D6B}") = "Fireball", "Assembly-CSharp-firstpass.csproj", "{42035F32-886C-57A2-8028-0E89A6939F22}"
EndProject
Project("{A8155B0E-A02B-AE01-CD41-369018837D6B}") = "Fireball", "Assembly-CSharp.csproj", "{E4FB71EC-CC61-3015-D864-E008CB8256E5}"
EndProject
Project("{A8155B0E-A02B-AE01-CD41-369018837D6B}") = "Fireball", "Assembly-CSharp-Editor.csproj", "{F6A353AB-5017-6D6D-4BBC-BDADFEA419B8}"
EndProject
Project("{A8155B0E-A02B-AE01-CD41-369018837D6B}") = "Fireball", "Assembly-UnityScript.unityproj", "{A89C22F5-6718-D107-C909-6433A6DDBB7B}"
EndProject
Project("{A8155B0E-A02B-AE01-CD41-369018837D6B}") = "Fireball", "Assembly-UnityScript-Editor.unityproj", "{29180E9A-ED85-1C9C-A475-C959C89D80C6}"
EndProject
Global
	GlobalSection(SolutionConfigurationPlatforms) = preSolution
		Debug|Any CPU = Debug|Any CPU
		Release|Any CPU = Release|Any CPU
	EndGlobalSection
	GlobalSection(ProjectConfigurationPlatforms) = postSolution
		{42035F32-886C-57A2-8028-0E89A6939F22}.Debug|Any CPU.ActiveCfg = Debug|Any CPU
		{42035F32-886C-57A2-8028-0E89A6939F22}.Debug|Any CPU.Build.0 = Debug|Any CPU
		{42035F32-886C-57A2-8028-0E89A6939F22}.Release|Any CPU.ActiveCfg = Release|Any CPU
		{42035F32-886C-57A2-8028-0E89A6939F22}.Release|Any CPU.Build.0 = Release|Any CPU
		{E4FB71EC-CC61-3015-D864-E008CB8256E5}.Debug|Any CPU.ActiveCfg = Debug|Any CPU
		{E4FB71EC-CC61-3015-D864-E008CB8256E5}.Debug|Any CPU.Build.0 = Debug|Any CPU
		{E4FB71EC-CC61-3015-D864-E008CB8256E5}.Release|Any CPU.ActiveCfg = Release|Any CPU
		{E4FB71EC-CC61-3015-D864-E008CB8256E5}.Release|Any CPU.Build.0 = Release|Any CPU
		{F6A353AB-5017-6D6D-4BBC-BDADFEA419B8}.Debug|Any CPU.ActiveCfg = Debug|Any CPU
		{F6A353AB-5017-6D6D-4BBC-BDADFEA419B8}.Debug|Any CPU.Build.0 = Debug|Any CPU
		{F6A353AB-5017-6D6D-4BBC-BDADFEA419B8}.Release|Any CPU.ActiveCfg = Release|Any CPU
		{F6A353AB-5017-6D6D-4BBC-BDADFEA419B8}.Release|Any CPU.Build.0 = Release|Any CPU
		{A89C22F5-6718-D107-C909-6433A6DDBB7B}.Debug|Any CPU.ActiveCfg = Debug|Any CPU
		{A89C22F5-6718-D107-C909-6433A6DDBB7B}.Debug|Any CPU.Build.0 = Debug|Any CPU
		{A89C22F5-6718-D107-C909-6433A6DDBB7B}.Release|Any CPU.ActiveCfg = Release|Any CPU
		{A89C22F5-6718-D107-C909-6433A6DDBB7B}.Release|Any CPU.Build.0 = Release|Any CPU
		{29180E9A-ED85-1C9C-A475-C959C89D80C6}.Debug|Any CPU.ActiveCfg = Debug|Any CPU
		{29180E9A-ED85-1C9C-A475-C959C89D80C6}.Debug|Any CPU.Build.0 = Debug|Any CPU
		{29180E9A-ED85-1C9C-A475-C959C89D80C6}.Release|Any CPU.ActiveCfg = Release|Any CPU
		{29180E9A-ED85-1C9C-A475-C959C89D80C6}.Release|Any CPU.Build.0 = Release|Any CPU
	EndGlobalSection
	GlobalSection(SolutionProperties) = preSolution
		HideSolutionNode = FALSE
	EndGlobalSection
																																							GlobalSection(MonoDevelopProperties) = preSolution
		StartupItem = Assembly-CSharp.csproj
		Policies = $0
		$0.TextStylePolicy = $1
		$1.inheritsSet = null
		$1.scope = text/x-csharp
		$0.CSharpFormattingPolicy = $2
		$2.inheritsSet = Mono
		$2.inheritsScope = text/x-csharp
		$2.scope = text/x-csharp
		$0.TextStylePolicy = $3
		$3.FileWidth = 120
		$3.TabWidth = 4
		$3.IndentWidth = 4
		$3.EolMarker = Unix
		$3.inheritsSet = Mono
		$3.inheritsScope = text/plain
		$3.scope = text/plain
	EndGlobalSection

EndGlobal
